// !$*UTF8*$!
{
	archiveVersion = 1;
	classes = {
	};
	objectVersion = 77;
	objects = {

/* Begin PBXBuildFile section */
		1C5A5ED82D61B6F9006EEFEA /* TerraRTiOS in Frameworks */ = {isa = PBXBuildFile; productRef = 1C5A5ED72D61B6F9006EEFEA /* TerraRTiOS */; };
		1C5A5EEA2D61B709006EEFEA /* aegiswatchapp Watch App.app in Embed Watch Content */ = {isa = PBXBuildFile; fileRef = 1C5A5EDD2D61B707006EEFEA /* aegiswatchapp Watch App.app */; settings = {ATTRIBUTES = (RemoveHeadersOnCopy, ); }; };
/* End PBXBuildFile section */

/* Begin PBXContainerItemProxy section */
		1C5A5EE82D61B709006EEFEA /* PBXContainerItemProxy */ = {
			isa = PBXContainerItemProxy;
			containerPortal = 1C5A5EB82D61B661006EEFEA /* Project object */;
			proxyType = 1;
			remoteGlobalIDString = 1C5A5EDC2D61B707006EEFEA;
			remoteInfo = "aegiswatchapp Watch App";
		};
/* End PBXContainerItemProxy section */

/* Begin PBXCopyFilesBuildPhase section */
		1C5A5EEE2D61B709006EEFEA /* Embed Watch Content */ = {
			isa = PBXCopyFilesBuildPhase;
			buildActionMask = 2147483647;
			dstPath = "$(CONTENTS_FOLDER_PATH)/Watch";
			dstSubfolderSpec = 16;
			files = (
				1C5A5EEA2D61B709006EEFEA /* aegiswatchapp Watch App.app in Embed Watch Content */,
			);
			name = "Embed Watch Content";
			runOnlyForDeploymentPostprocessing = 0;
		};
/* End PBXCopyFilesBuildPhase section */

/* Begin PBXFileReference section */
		1C5A5EC02D61B661006EEFEA /* aegisios.app */ = {isa = PBXFileReference; explicitFileType = wrapper.application; includeInIndex = 0; path = aegisios.app; sourceTree = BUILT_PRODUCTS_DIR; };
		1C5A5EDD2D61B707006EEFEA /* aegiswatchapp Watch App.app */ = {isa = PBXFileReference; explicitFileType = wrapper.application; includeInIndex = 0; path = "aegiswatchapp Watch App.app"; sourceTree = BUILT_PRODUCTS_DIR; };
/* End PBXFileReference section */

/* Begin PBXFileSystemSynchronizedRootGroup section */
		1C5A5EC22D61B661006EEFEA /* aegisios */ = {
			isa = PBXFileSystemSynchronizedRootGroup;
			path = aegisios;
			sourceTree = "<group>";
		};
		1C5A5EDE2D61B707006EEFEA /* aegiswatchapp Watch App */ = {
			isa = PBXFileSystemSynchronizedRootGroup;
			path = "aegiswatchapp Watch App";
			sourceTree = "<group>";
		};
/* End PBXFileSystemSynchronizedRootGroup section */

/* Begin PBXFrameworksBuildPhase section */
		1C5A5EBD2D61B661006EEFEA /* Frameworks */ = {
			isa = PBXFrameworksBuildPhase;
			buildActionMask = 2147483647;
			files = (
				1C5A5ED82D61B6F9006EEFEA /* TerraRTiOS in Frameworks */,
			);
			runOnlyForDeploymentPostprocessing = 0;
		};
		1C5A5EDA2D61B707006EEFEA /* Frameworks */ = {
			isa = PBXFrameworksBuildPhase;
			buildActionMask = 2147483647;
			files = (
			);
			runOnlyForDeploymentPostprocessing = 0;
		};
/* End PBXFrameworksBuildPhase section */

/* Begin PBXGroup section */
		1C5A5EB72D61B661006EEFEA = {
			isa = PBXGroup;
			children = (
				1C5A5EC22D61B661006EEFEA /* aegisios */,
				1C5A5EDE2D61B707006EEFEA /* aegiswatchapp Watch App */,
				1C5A5EC12D61B661006EEFEA /* Products */,
			);
			sourceTree = "<group>";
		};
		1C5A5EC12D61B661006EEFEA /* Products */ = {
			isa = PBXGroup;
			children = (
				1C5A5EC02D61B661006EEFEA /* aegisios.app */,
				1C5A5EDD2D61B707006EEFEA /* aegiswatchapp Watch App.app */,
			);
			name = Products;
			sourceTree = "<group>";
		};
/* End PBXGroup section */

/* Begin PBXNativeTarget section */
		1C5A5EBF2D61B661006EEFEA /* aegisios */ = {
			isa = PBXNativeTarget;
			buildConfigurationList = 1C5A5ED32D61B662006EEFEA /* Build configuration list for PBXNativeTarget "aegisios" */;
			buildPhases = (
				1C5A5EBC2D61B661006EEFEA /* Sources */,
				1C5A5EBD2D61B661006EEFEA /* Frameworks */,
				1C5A5EBE2D61B661006EEFEA /* Resources */,
				1C5A5EEE2D61B709006EEFEA /* Embed Watch Content */,
			);
			buildRules = (
			);
			dependencies = (
				1C5A5EE92D61B709006EEFEA /* PBXTargetDependency */,
			);
			fileSystemSynchronizedGroups = (
				1C5A5EC22D61B661006EEFEA /* aegisios */,
			);
			name = aegisios;
			packageProductDependencies = (
				1C5A5ED72D61B6F9006EEFEA /* TerraRTiOS */,
			);
			productName = aegisios;
			productReference = 1C5A5EC02D61B661006EEFEA /* aegisios.app */;
			productType = "com.apple.product-type.application";
		};
		1C5A5EDC2D61B707006EEFEA /* aegiswatchapp Watch App */ = {
			isa = PBXNativeTarget;
			buildConfigurationList = 1C5A5EEB2D61B709006EEFEA /* Build configuration list for PBXNativeTarget "aegiswatchapp Watch App" */;
			buildPhases = (
				1C5A5ED92D61B707006EEFEA /* Sources */,
				1C5A5EDA2D61B707006EEFEA /* Frameworks */,
				1C5A5EDB2D61B707006EEFEA /* Resources */,
			);
			buildRules = (
			);
			dependencies = (
			);
			fileSystemSynchronizedGroups = (
				1C5A5EDE2D61B707006EEFEA /* aegiswatchapp Watch App */,
			);
			name = "aegiswatchapp Watch App";
			packageProductDependencies = (
			);
			productName = "aegiswatchapp Watch App";
			productReference = 1C5A5EDD2D61B707006EEFEA /* aegiswatchapp Watch App.app */;
			productType = "com.apple.product-type.application";
		};
/* End PBXNativeTarget section */

/* Begin PBXProject section */
		1C5A5EB82D61B661006EEFEA /* Project object */ = {
			isa = PBXProject;
			attributes = {
				BuildIndependentTargetsInParallel = 1;
				LastSwiftUpdateCheck = 1620;
				LastUpgradeCheck = 1620;
				TargetAttributes = {
					1C5A5EBF2D61B661006EEFEA = {
						CreatedOnToolsVersion = 16.2;
					};
					1C5A5EDC2D61B707006EEFEA = {
						CreatedOnToolsVersion = 16.2;
					};
				};
			};
			buildConfigurationList = 1C5A5EBB2D61B661006EEFEA /* Build configuration list for PBXProject "aegisios" */;
			developmentRegion = en;
			hasScannedForEncodings = 0;
			knownRegions = (
				en,
				Base,
			);
			mainGroup = 1C5A5EB72D61B661006EEFEA;
			minimizedProjectReferenceProxies = 1;
			packageReferences = (
				1C5A5ED62D61B6F9006EEFEA /* XCRemoteSwiftPackageReference "TerraRTiOS" */,
			);
			preferredProjectObjectVersion = 77;
			productRefGroup = 1C5A5EC12D61B661006EEFEA /* Products */;
			projectDirPath = "";
			projectRoot = "";
			targets = (
				1C5A5EBF2D61B661006EEFEA /* aegisios */,
				1C5A5EDC2D61B707006EEFEA /* aegiswatchapp Watch App */,
			);
		};
/* End PBXProject section */

/* Begin PBXResourcesBuildPhase section */
		1C5A5EBE2D61B661006EEFEA /* Resources */ = {
			isa = PBXResourcesBuildPhase;
			buildActionMask = 2147483647;
			files = (
			);
			runOnlyForDeploymentPostprocessing = 0;
		};
		1C5A5EDB2D61B707006EEFEA /* Resources */ = {
			isa = PBXResourcesBuildPhase;
			buildActionMask = 2147483647;
			files = (
			);
			runOnlyForDeploymentPostprocessing = 0;
		};
/* End PBXResourcesBuildPhase section */

/* Begin PBXSourcesBuildPhase section */
		1C5A5EBC2D61B661006EEFEA /* Sources */ = {
			isa = PBXSourcesBuildPhase;
			buildActionMask = 2147483647;
			files = (
			);
			runOnlyForDeploymentPostprocessing = 0;
		};
		1C5A5ED92D61B707006EEFEA /* Sources */ = {
			isa = PBXSourcesBuildPhase;
			buildActionMask = 2147483647;
			files = (
			);
			runOnlyForDeploymentPostprocessing = 0;
		};
/* End PBXSourcesBuildPhase section */

/* Begin PBXTargetDependency section */
		1C5A5EE92D61B709006EEFEA /* PBXTargetDependency */ = {
			isa = PBXTargetDependency;
			target = 1C5A5EDC2D61B707006EEFEA /* aegiswatchapp Watch App */;
			targetProxy = 1C5A5EE82D61B709006EEFEA /* PBXContainerItemProxy */;
		};
/* End PBXTargetDependency section */

/* Begin XCBuildConfiguration section */
		1C5A5ED12D61B662006EEFEA /* Debug */ = {
			isa = XCBuildConfiguration;
			buildSettings = {
				ALWAYS_SEARCH_USER_PATHS = NO;
				ASSETCATALOG_COMPILER_GENERATE_SWIFT_ASSET_SYMBOL_EXTENSIONS = YES;
				CLANG_ANALYZER_NONNULL = YES;
				CLANG_ANALYZER_NUMBER_OBJECT_CONVERSION = YES_AGGRESSIVE;
				CLANG_CXX_LANGUAGE_STANDARD = "gnu++20";
				CLANG_ENABLE_MODULES = YES;
				CLANG_ENABLE_OBJC_ARC = YES;
				CLANG_ENABLE_OBJC_WEAK = YES;
				CLANG_WARN_BLOCK_CAPTURE_AUTORELEASING = YES;
				CLANG_WARN_BOOL_CONVERSION = YES;
				CLANG_WARN_COMMA = YES;
				CLANG_WARN_CONSTANT_CONVERSION = YES;
				CLANG_WARN_DEPRECATED_OBJC_IMPLEMENTATIONS = YES;
				CLANG_WARN_DIRECT_OBJC_ISA_USAGE = YES_ERROR;
				CLANG_WARN_DOCUMENTATION_COMMENTS = YES;
				CLANG_WARN_EMPTY_BODY = YES;
				CLANG_WARN_ENUM_CONVERSION = YES;
				CLANG_WARN_INFINITE_RECURSION = YES;
				CLANG_WARN_INT_CONVERSION = YES;
				CLANG_WARN_NON_LITERAL_NULL_CONVERSION = YES;
				CLANG_WARN_OBJC_IMPLICIT_RETAIN_SELF = YES;
				CLANG_WARN_OBJC_LITERAL_CONVERSION = YES;
				CLANG_WARN_OBJC_ROOT_CLASS = YES_ERROR;
				CLANG_WARN_QUOTED_INCLUDE_IN_FRAMEWORK_HEADER = YES;
				CLANG_WARN_RANGE_LOOP_ANALYSIS = YES;
				CLANG_WARN_STRICT_PROTOTYPES = YES;
				CLANG_WARN_SUSPICIOUS_MOVE = YES;
				CLANG_WARN_UNGUARDED_AVAILABILITY = YES_AGGRESSIVE;
				CLANG_WARN_UNREACHABLE_CODE = YES;
				CLANG_WARN__DUPLICATE_METHOD_MATCH = YES;
				COPY_PHASE_STRIP = NO;
				DEBUG_INFORMATION_FORMAT = dwarf;
				ENABLE_STRICT_OBJC_MSGSEND = YES;
				ENABLE_TESTABILITY = YES;
				ENABLE_USER_SCRIPT_SANDBOXING = YES;
				GCC_C_LANGUAGE_STANDARD = gnu17;
				GCC_DYNAMIC_NO_PIC = NO;
				GCC_NO_COMMON_BLOCKS = YES;
				GCC_OPTIMIZATION_LEVEL = 0;
				GCC_PREPROCESSOR_DEFINITIONS = (
					"DEBUG=1",
					"$(inherited)",
				);
				GCC_WARN_64_TO_32_BIT_CONVERSION = YES;
				GCC_WARN_ABOUT_RETURN_TYPE = YES_ERROR;
				GCC_WARN_UNDECLARED_SELECTOR = YES;
				GCC_WARN_UNINITIALIZED_AUTOS = YES_AGGRESSIVE;
				GCC_WARN_UNUSED_FUNCTION = YES;
				GCC_WARN_UNUSED_VARIABLE = YES;
				IPHONEOS_DEPLOYMENT_TARGET = 18.2;
				LOCALIZATION_PREFERS_STRING_CATALOGS = YES;
				MTL_ENABLE_DEBUG_INFO = INCLUDE_SOURCE;
				MTL_FAST_MATH = YES;
				ONLY_ACTIVE_ARCH = YES;
				SDKROOT = iphoneos;
				SWIFT_ACTIVE_COMPILATION_CONDITIONS = "DEBUG $(inherited)";
				SWIFT_OPTIMIZATION_LEVEL = "-Onone";
			};
			name = Debug;
		};
		1C5A5ED22D61B662006EEFEA /* Release */ = {
			isa = XCBuildConfiguration;
			buildSettings = {
				ALWAYS_SEARCH_USER_PATHS = NO;
				ASSETCATALOG_COMPILER_GENERATE_SWIFT_ASSET_SYMBOL_EXTENSIONS = YES;
				CLANG_ANALYZER_NONNULL = YES;
				CLANG_ANALYZER_NUMBER_OBJECT_CONVERSION = YES_AGGRESSIVE;
				CLANG_CXX_LANGUAGE_STANDARD = "gnu++20";
				CLANG_ENABLE_MODULES = YES;
				CLANG_ENABLE_OBJC_ARC = YES;
				CLANG_ENABLE_OBJC_WEAK = YES;
				CLANG_WARN_BLOCK_CAPTURE_AUTORELEASING = YES;
				CLANG_WARN_BOOL_CONVERSION = YES;
				CLANG_WARN_COMMA = YES;
				CLANG_WARN_CONSTANT_CONVERSION = YES;
				CLANG_WARN_DEPRECATED_OBJC_IMPLEMENTATIONS = YES;
				CLANG_WARN_DIRECT_OBJC_ISA_USAGE = YES_ERROR;
				CLANG_WARN_DOCUMENTATION_COMMENTS = YES;
				CLANG_WARN_EMPTY_BODY = YES;
				CLANG_WARN_ENUM_CONVERSION = YES;
				CLANG_WARN_INFINITE_RECURSION = YES;
				CLANG_WARN_INT_CONVERSION = YES;
				CLANG_WARN_NON_LITERAL_NULL_CONVERSION = YES;
				CLANG_WARN_OBJC_IMPLICIT_RETAIN_SELF = YES;
				CLANG_WARN_OBJC_LITERAL_CONVERSION = YES;
				CLANG_WARN_OBJC_ROOT_CLASS = YES_ERROR;
				CLANG_WARN_QUOTED_INCLUDE_IN_FRAMEWORK_HEADER = YES;
				CLANG_WARN_RANGE_LOOP_ANALYSIS = YES;
				CLANG_WARN_STRICT_PROTOTYPES = YES;
				CLANG_WARN_SUSPICIOUS_MOVE = YES;
				CLANG_WARN_UNGUARDED_AVAILABILITY = YES_AGGRESSIVE;
				CLANG_WARN_UNREACHABLE_CODE = YES;
				CLANG_WARN__DUPLICATE_METHOD_MATCH = YES;
				COPY_PHASE_STRIP = NO;
				DEBUG_INFORMATION_FORMAT = "dwarf-with-dsym";
				ENABLE_NS_ASSERTIONS = NO;
				ENABLE_STRICT_OBJC_MSGSEND = YES;
				ENABLE_USER_SCRIPT_SANDBOXING = YES;
				GCC_C_LANGUAGE_STANDARD = gnu17;
				GCC_NO_COMMON_BLOCKS = YES;
				GCC_WARN_64_TO_32_BIT_CONVERSION = YES;
				GCC_WARN_ABOUT_RETURN_TYPE = YES_ERROR;
				GCC_WARN_UNDECLARED_SELECTOR = YES;
				GCC_WARN_UNINITIALIZED_AUTOS = YES_AGGRESSIVE;
				GCC_WARN_UNUSED_FUNCTION = YES;
				GCC_WARN_UNUSED_VARIABLE = YES;
				IPHONEOS_DEPLOYMENT_TARGET = 18.2;
				LOCALIZATION_PREFERS_STRING_CATALOGS = YES;
				MTL_ENABLE_DEBUG_INFO = NO;
				MTL_FAST_MATH = YES;
				SDKROOT = iphoneos;
				SWIFT_COMPILATION_MODE = wholemodule;
				VALIDATE_PRODUCT = YES;
			};
			name = Release;
		};
		1C5A5ED42D61B662006EEFEA /* Debug */ = {
			isa = XCBuildConfiguration;
			buildSettings = {
				ASSETCATALOG_COMPILER_APPICON_NAME = AppIcon;
				ASSETCATALOG_COMPILER_GLOBAL_ACCENT_COLOR_NAME = AccentColor;
				CODE_SIGN_STYLE = Automatic;
				CURRENT_PROJECT_VERSION = 1;
				DEVELOPMENT_ASSET_PATHS = "\"aegisios/Preview Content\"";
				DEVELOPMENT_TEAM = KC3JHRPJ7X;
				ENABLE_PREVIEWS = YES;
				GENERATE_INFOPLIST_FILE = YES;
				INFOPLIST_KEY_NSBluetoothAlwaysUsageDescription = "Need the user's bluetooth!";
				INFOPLIST_KEY_NSMotionUsageDescription = "Need the user's motion!";
				INFOPLIST_KEY_UIApplicationSceneManifest_Generation = YES;
				INFOPLIST_KEY_UIApplicationSupportsIndirectInputEvents = YES;
				INFOPLIST_KEY_UILaunchScreen_Generation = YES;
				INFOPLIST_KEY_UISupportedInterfaceOrientations_iPad = "UIInterfaceOrientationPortrait UIInterfaceOrientationPortraitUpsideDown UIInterfaceOrientationLandscapeLeft UIInterfaceOrientationLandscapeRight";
				INFOPLIST_KEY_UISupportedInterfaceOrientations_iPhone = "UIInterfaceOrientationPortrait UIInterfaceOrientationLandscapeLeft UIInterfaceOrientationLandscapeRight";
				LD_RUNPATH_SEARCH_PATHS = (
					"$(inherited)",
					"@executable_path/Frameworks",
				);
				MARKETING_VERSION = 1.0;
				PRODUCT_BUNDLE_IDENTIFIER = com.gabribrands.aegisios;
				PRODUCT_NAME = "$(TARGET_NAME)";
				SWIFT_EMIT_LOC_STRINGS = YES;
				SWIFT_VERSION = 5.0;
				TARGETED_DEVICE_FAMILY = "1,2";
			};
			name = Debug;
		};
		1C5A5ED52D61B662006EEFEA /* Release */ = {
			isa = XCBuildConfiguration;
			buildSettings = {
				ASSETCATALOG_COMPILER_APPICON_NAME = AppIcon;
				ASSETCATALOG_COMPILER_GLOBAL_ACCENT_COLOR_NAME = AccentColor;
				CODE_SIGN_STYLE = Automatic;
				CURRENT_PROJECT_VERSION = 1;
				DEVELOPMENT_ASSET_PATHS = "\"aegisios/Preview Content\"";
				DEVELOPMENT_TEAM = KC3JHRPJ7X;
				ENABLE_PREVIEWS = YES;
				GENERATE_INFOPLIST_FILE = YES;
				INFOPLIST_KEY_NSBluetoothAlwaysUsageDescription = "Need the user's bluetooth!";
				INFOPLIST_KEY_NSMotionUsageDescription = "Need the user's motion!";
				INFOPLIST_KEY_UIApplicationSceneManifest_Generation = YES;
				INFOPLIST_KEY_UIApplicationSupportsIndirectInputEvents = YES;
				INFOPLIST_KEY_UILaunchScreen_Generation = YES;
				INFOPLIST_KEY_UISupportedInterfaceOrientations_iPad = "UIInterfaceOrientationPortrait UIInterfaceOrientationPortraitUpsideDown UIInterfaceOrientationLandscapeLeft UIInterfaceOrientationLandscapeRight";
				INFOPLIST_KEY_UISupportedInterfaceOrientations_iPhone = "UIInterfaceOrientationPortrait UIInterfaceOrientationLandscapeLeft UIInterfaceOrientationLandscapeRight";
				LD_RUNPATH_SEARCH_PATHS = (
					"$(inherited)",
					"@executable_path/Frameworks",
				);
				MARKETING_VERSION = 1.0;
				PRODUCT_BUNDLE_IDENTIFIER = com.gabribrands.aegisios;
				PRODUCT_NAME = "$(TARGET_NAME)";
				SWIFT_EMIT_LOC_STRINGS = YES;
				SWIFT_VERSION = 5.0;
				TARGETED_DEVICE_FAMILY = "1,2";
			};
			name = Release;
		};
		1C5A5EEC2D61B709006EEFEA /* Debug */ = {
			isa = XCBuildConfiguration;
			buildSettings = {
				ASSETCATALOG_COMPILER_APPICON_NAME = AppIcon;
				ASSETCATALOG_COMPILER_GLOBAL_ACCENT_COLOR_NAME = AccentColor;
				CODE_SIGN_ENTITLEMENTS = "aegiswatchapp Watch App/aegiswatchapp Watch App.entitlements";
				CODE_SIGN_STYLE = Automatic;
				CURRENT_PROJECT_VERSION = 1;
				DEVELOPMENT_ASSET_PATHS = "\"aegiswatchapp Watch App/Preview Content\"";
				DEVELOPMENT_TEAM = KC3JHRPJ7X;
				ENABLE_PREVIEWS = YES;
				GENERATE_INFOPLIST_FILE = YES;
				INFOPLIST_FILE = "aegiswatchapp-Watch-App-Info.plist";
				INFOPLIST_KEY_CFBundleDisplayName = aegiswatchapp;
				INFOPLIST_KEY_NSHealthClinicalHealthRecordsShareUsageDescription = "Need the user's health!";
				INFOPLIST_KEY_NSHealthShareUsageDescription = "Need the user's health!";
				INFOPLIST_KEY_NSHealthUpdateUsageDescription = "Need the user's health!";
				INFOPLIST_KEY_UISupportedInterfaceOrientations = "UIInterfaceOrientationPortrait UIInterfaceOrientationPortraitUpsideDown";
				INFOPLIST_KEY_WKCompanionAppBundleIdentifier = com.gabribrands.aegisios;
				LD_RUNPATH_SEARCH_PATHS = (
					"$(inherited)",
					"@executable_path/Frameworks",
				);
				MARKETING_VERSION = 1.0;
				PRODUCT_BUNDLE_IDENTIFIER = com.gabribrands.aegisios.watchkitapp;
				PRODUCT_NAME = "$(TARGET_NAME)";
				SDKROOT = watchos;
				SKIP_INSTALL = YES;
				SWIFT_EMIT_LOC_STRINGS = YES;
				SWIFT_VERSION = 5.0;
				TARGETED_DEVICE_FAMILY = 4;
				WATCHOS_DEPLOYMENT_TARGET = 11.2;
			};
			name = Debug;
		};
		1C5A5EED2D61B709006EEFEA /* Release */ = {
			isa = XCBuildConfiguration;
			buildSettings = {
				ASSETCATALOG_COMPILER_APPICON_NAME = AppIcon;
				ASSETCATALOG_COMPILER_GLOBAL_ACCENT_COLOR_NAME = AccentColor;
				CODE_SIGN_ENTITLEMENTS = "aegiswatchapp Watch App/aegiswatchapp Watch App.entitlements";
				CODE_SIGN_STYLE = Automatic;
				CURRENT_PROJECT_VERSION = 1;
				DEVELOPMENT_ASSET_PATHS = "\"aegiswatchapp Watch App/Preview Content\"";
				DEVELOPMENT_TEAM = KC3JHRPJ7X;
				ENABLE_PREVIEWS = YES;
				GENERATE_INFOPLIST_FILE = YES;
				INFOPLIST_FILE = "aegiswatchapp-Watch-App-Info.plist";
				INFOPLIST_KEY_CFBundleDisplayName = aegiswatchapp;
				INFOPLIST_KEY_NSHealthClinicalHealthRecordsShareUsageDescription = "Need the user's health!";
				INFOPLIST_KEY_NSHealthShareUsageDescription = "Need the user's health!";
				INFOPLIST_KEY_NSHealthUpdateUsageDescription = "Need the user's health!";
				INFOPLIST_KEY_UISupportedInterfaceOrientations = "UIInterfaceOrientationPortrait UIInterfaceOrientationPortraitUpsideDown";
				INFOPLIST_KEY_WKCompanionAppBundleIdentifier = com.gabribrands.aegisios;
				LD_RUNPATH_SEARCH_PATHS = (
					"$(inherited)",
					"@executable_path/Frameworks",
				);
				MARKETING_VERSION = 1.0;
				PRODUCT_BUNDLE_IDENTIFIER = com.gabribrands.aegisios.watchkitapp;
				PRODUCT_NAME = "$(TARGET_NAME)";
				SDKROOT = watchos;
				SKIP_INSTALL = YES;
				SWIFT_EMIT_LOC_STRINGS = YES;
				SWIFT_VERSION = 5.0;
				TARGETED_DEVICE_FAMILY = 4;
				WATCHOS_DEPLOYMENT_TARGET = 11.2;
			};
			name = Release;
		};
/* End XCBuildConfiguration section */

/* Begin XCConfigurationList section */
		1C5A5EBB2D61B661006EEFEA /* Build configuration list for PBXProject "aegisios" */ = {
			isa = XCConfigurationList;
			buildConfigurations = (
				1C5A5ED12D61B662006EEFEA /* Debug */,
				1C5A5ED22D61B662006EEFEA /* Release */,
			);
			defaultConfigurationIsVisible = 0;
			defaultConfigurationName = Release;
		};
		1C5A5ED32D61B662006EEFEA /* Build configuration list for PBXNativeTarget "aegisios" */ = {
			isa = XCConfigurationList;
			buildConfigurations = (
				1C5A5ED42D61B662006EEFEA /* Debug */,
				1C5A5ED52D61B662006EEFEA /* Release */,
			);
			defaultConfigurationIsVisible = 0;
			defaultConfigurationName = Release;
		};
		1C5A5EEB2D61B709006EEFEA /* Build configuration list for PBXNativeTarget "aegiswatchapp Watch App" */ = {
			isa = XCConfigurationList;
			buildConfigurations = (
				1C5A5EEC2D61B709006EEFEA /* Debug */,
				1C5A5EED2D61B709006EEFEA /* Release */,
			);
			defaultConfigurationIsVisible = 0;
			defaultConfigurationName = Release;
		};
/* End XCConfigurationList section */

/* Begin XCRemoteSwiftPackageReference section */
		1C5A5ED62D61B6F9006EEFEA /* XCRemoteSwiftPackageReference "TerraRTiOS" */ = {
			isa = XCRemoteSwiftPackageReference;
			repositoryURL = "https://github.com/tryterra/TerraRTiOS";
			requirement = {
				kind = upToNextMinorVersion;
				minimumVersion = 0.3.8;
			};
		};
/* End XCRemoteSwiftPackageReference section */

/* Begin XCSwiftPackageProductDependency section */
		1C5A5ED72D61B6F9006EEFEA /* TerraRTiOS */ = {
			isa = XCSwiftPackageProductDependency;
			package = 1C5A5ED62D61B6F9006EEFEA /* XCRemoteSwiftPackageReference "TerraRTiOS" */;
			productName = TerraRTiOS;
		};
/* End XCSwiftPackageProductDependency section */
	};
	rootObject = 1C5A5EB82D61B661006EEFEA /* Project object */;
}
